
Microsoft Visual Studio Solution File, Format Version 12.00
# Visual Studio Version 17
VisualStudioVersion = 17.10.35013.160
MinimumVisualStudioVersion = 10.0.40219.1
Project("{9A19103F-16F7-4668-BE54-9A1E7A4F7556}") = "AzzanOrder.Data", "AzzanOrder.Data\AzzanOrder.Data.csproj", "{832AED9A-48EF-47E5-80EF-B74AA3CA4C51}"
EndProject
Project("{2150E333-8FDC-42A3-9474-1A3956D46DE8}") = "Tuan", "Tuan", "{74B0F385-651E-4149-BC34-79F68AC7DD57}"
	ProjectSection(SolutionItems) = preProject
		SQL_Tuan_01-12.txt = SQL_Tuan_01-12.txt
	EndProjectSection
EndProject
Project("{9A19103F-16F7-4668-BE54-9A1E7A4F7556}") = "AzzanOrder.Data.Test", "AzzanOrder.Data.Test\AzzanOrder.Data.Test.csproj", "{BB6E715C-FB09-44ED-8A95-B931B1AD7FF8}"
EndProject
Global
	GlobalSection(SolutionConfigurationPlatforms) = preSolution
		Debug|Any CPU = Debug|Any CPU
		Release|Any CPU = Release|Any CPU
	EndGlobalSection
	GlobalSection(ProjectConfigurationPlatforms) = postSolution
		{832AED9A-48EF-47E5-80EF-B74AA3CA4C51}.Debug|Any CPU.ActiveCfg = Debug|Any CPU
		{832AED9A-48EF-47E5-80EF-B74AA3CA4C51}.Debug|Any CPU.Build.0 = Debug|Any CPU
		{832AED9A-48EF-47E5-80EF-B74AA3CA4C51}.Release|Any CPU.ActiveCfg = Release|Any CPU
		{832AED9A-48EF-47E5-80EF-B74AA3CA4C51}.Release|Any CPU.Build.0 = Release|Any CPU
		{BB6E715C-FB09-44ED-8A95-B931B1AD7FF8}.Debug|Any CPU.ActiveCfg = Debug|Any CPU
		{BB6E715C-FB09-44ED-8A95-B931B1AD7FF8}.Debug|Any CPU.Build.0 = Debug|Any CPU
		{BB6E715C-FB09-44ED-8A95-B931B1AD7FF8}.Release|Any CPU.ActiveCfg = Release|Any CPU
		{BB6E715C-FB09-44ED-8A95-B931B1AD7FF8}.Release|Any CPU.Build.0 = Release|Any CPU
	EndGlobalSection
	GlobalSection(SolutionProperties) = preSolution
		HideSolutionNode = FALSE
	EndGlobalSection
	GlobalSection(ExtensibilityGlobals) = postSolution
		SolutionGuid = {E818232E-14E8-41C6-951C-883800F4E388}
	EndGlobalSection
EndGlobal
